
Microsoft Visual Studio Solution File, Format Version 12.00
# Visual Studio Version 17
VisualStudioVersion = 17.12.35527.113
MinimumVisualStudioVersion = 10.0.40219.1
Project("{FAE04EC0-301F-11D3-BF4B-00C04F79EFBC}") = "Assignment3 LinkedList", "Assignment3 LinkedList.csproj", "{8D643CFD-93AC-4E3E-9F17-BC46CE71C2C0}"
EndProject
Project("{FAE04EC0-301F-11D3-BF4B-00C04F79EFBC}") = "Testing", "..\Testing\Testing.csproj", "{FCBA8892-A6CC-4FC4-A8E2-C0741F8BBCE2}"
EndProject
Global
	GlobalSection(SolutionConfigurationPlatforms) = preSolution
		Debug|Any CPU = Debug|Any CPU
		Release|Any CPU = Release|Any CPU
	EndGlobalSection
	GlobalSection(ProjectConfigurationPlatforms) = postSolution
		{8D643CFD-93AC-4E3E-9F17-BC46CE71C2C0}.Debug|Any CPU.ActiveCfg = Debug|Any CPU
		{8D643CFD-93AC-4E3E-9F17-BC46CE71C2C0}.Debug|Any CPU.Build.0 = Debug|Any CPU
		{8D643CFD-93AC-4E3E-9F17-BC46CE71C2C0}.Release|Any CPU.ActiveCfg = Release|Any CPU
		{8D643CFD-93AC-4E3E-9F17-BC46CE71C2C0}.Release|Any CPU.Build.0 = Release|Any CPU
		{FCBA8892-A6CC-4FC4-A8E2-C0741F8BBCE2}.Debug|Any CPU.ActiveCfg = Debug|Any CPU
		{FCBA8892-A6CC-4FC4-A8E2-C0741F8BBCE2}.Debug|Any CPU.Build.0 = Debug|Any CPU
		{FCBA8892-A6CC-4FC4-A8E2-C0741F8BBCE2}.Release|Any CPU.ActiveCfg = Release|Any CPU
		{FCBA8892-A6CC-4FC4-A8E2-C0741F8BBCE2}.Release|Any CPU.Build.0 = Release|Any CPU
	EndGlobalSection
	GlobalSection(SolutionProperties) = preSolution
		HideSolutionNode = FALSE
	EndGlobalSection
EndGlobal
